// !$*UTF8*$!
{
	archiveVersion = 1;
	classes = {
	};
	objectVersion = 56;
	objects = {

/* Begin PBXBuildFile section */
		992E1C152AFA780E009377BB /* MealListItemView.swift in Sources */ = {isa = PBXBuildFile; fileRef = 992E1C142AFA780E009377BB /* MealListItemView.swift */; };
		992E1C172AFA86D7009377BB /* MealDetailView.swift in Sources */ = {isa = PBXBuildFile; fileRef = 992E1C162AFA86D7009377BB /* MealDetailView.swift */; };
		992E1C192AFA9FB6009377BB /* MealDetailViewModel.swift in Sources */ = {isa = PBXBuildFile; fileRef = 992E1C182AFA9FB6009377BB /* MealDetailViewModel.swift */; };
		99A9CD4A2AF9797200B725A5 /* Fetch_Take_HomeApp.swift in Sources */ = {isa = PBXBuildFile; fileRef = 99A9CD492AF9797200B725A5 /* Fetch_Take_HomeApp.swift */; };
		99A9CD4C2AF9797200B725A5 /* RootView.swift in Sources */ = {isa = PBXBuildFile; fileRef = 99A9CD4B2AF9797200B725A5 /* RootView.swift */; };
		99A9CD4E2AF9797300B725A5 /* Assets.xcassets in Resources */ = {isa = PBXBuildFile; fileRef = 99A9CD4D2AF9797300B725A5 /* Assets.xcassets */; };
		99A9CD512AF9797300B725A5 /* Preview Assets.xcassets in Resources */ = {isa = PBXBuildFile; fileRef = 99A9CD502AF9797300B725A5 /* Preview Assets.xcassets */; };
		99A9CD5B2AF9797300B725A5 /* MealModelTests.swift in Sources */ = {isa = PBXBuildFile; fileRef = 99A9CD5A2AF9797300B725A5 /* MealModelTests.swift */; };
		99A9CD752AF979B700B725A5 /* MealModel.swift in Sources */ = {isa = PBXBuildFile; fileRef = 99A9CD742AF979B700B725A5 /* MealModel.swift */; };
		99A9CD782AF97E4D00B725A5 /* desserts.json in Resources */ = {isa = PBXBuildFile; fileRef = 99A9CD772AF97E4D00B725A5 /* desserts.json */; };
		99A9CD7A2AF9873500B725A5 /* MealDetailModel.swift in Sources */ = {isa = PBXBuildFile; fileRef = 99A9CD792AF9873500B725A5 /* MealDetailModel.swift */; };
		99A9CD7C2AF989B400B725A5 /* creme_brulee.json in Resources */ = {isa = PBXBuildFile; fileRef = 99A9CD7B2AF989B400B725A5 /* creme_brulee.json */; };
		99A9CD7E2AF989D000B725A5 /* MealDetailModelTests.swift in Sources */ = {isa = PBXBuildFile; fileRef = 99A9CD7D2AF989D000B725A5 /* MealDetailModelTests.swift */; };
		99A9CD812AF98E1F00B725A5 /* MealService.swift in Sources */ = {isa = PBXBuildFile; fileRef = 99A9CD802AF98E1F00B725A5 /* MealService.swift */; };
		99A9CD832AF9950200B725A5 /* MealServiceTests.swift in Sources */ = {isa = PBXBuildFile; fileRef = 99A9CD822AF9950200B725A5 /* MealServiceTests.swift */; };
		99A9CD852AF9A0CB00B725A5 /* URLSessionProtocol.swift in Sources */ = {isa = PBXBuildFile; fileRef = 99A9CD842AF9A0CB00B725A5 /* URLSessionProtocol.swift */; };
		99A9CD872AF9A14700B725A5 /* MealDetailService.swift in Sources */ = {isa = PBXBuildFile; fileRef = 99A9CD862AF9A14700B725A5 /* MealDetailService.swift */; };
		99A9CD892AF9A18300B725A5 /* MealDetailServiceTests.swift in Sources */ = {isa = PBXBuildFile; fileRef = 99A9CD882AF9A18300B725A5 /* MealDetailServiceTests.swift */; };
		99A9CD8B2AF9A4FB00B725A5 /* Errors.swift in Sources */ = {isa = PBXBuildFile; fileRef = 99A9CD8A2AF9A4FA00B725A5 /* Errors.swift */; };
		99A9CD8E2AF9CAA500B725A5 /* MealListView.swift in Sources */ = {isa = PBXBuildFile; fileRef = 99A9CD8D2AF9CAA500B725A5 /* MealListView.swift */; };
		99A9CD902AF9CAB700B725A5 /* MealListViewModel.swift in Sources */ = {isa = PBXBuildFile; fileRef = 99A9CD8F2AF9CAB700B725A5 /* MealListViewModel.swift */; };
/* End PBXBuildFile section */

/* Begin PBXContainerItemProxy section */
		99A9CD572AF9797300B725A5 /* PBXContainerItemProxy */ = {
			isa = PBXContainerItemProxy;
			containerPortal = 99A9CD3E2AF9797200B725A5 /* Project object */;
			proxyType = 1;
			remoteGlobalIDString = 99A9CD452AF9797200B725A5;
			remoteInfo = "Fetch Take Home";
		};
/* End PBXContainerItemProxy section */

/* Begin PBXFileReference section */
		992E1C142AFA780E009377BB /* MealListItemView.swift */ = {isa = PBXFileReference; fileEncoding = 4; lastKnownFileType = sourcecode.swift; path = MealListItemView.swift; sourceTree = "<group>"; };
		992E1C162AFA86D7009377BB /* MealDetailView.swift */ = {isa = PBXFileReference; lastKnownFileType = sourcecode.swift; path = MealDetailView.swift; sourceTree = "<group>"; };
		992E1C182AFA9FB6009377BB /* MealDetailViewModel.swift */ = {isa = PBXFileReference; fileEncoding = 4; lastKnownFileType = sourcecode.swift; path = MealDetailViewModel.swift; sourceTree = "<group>"; };
		99A9CD462AF9797200B725A5 /* Desserts Take Home.app */ = {isa = PBXFileReference; explicitFileType = wrapper.application; includeInIndex = 0; path = "Desserts Take Home.app"; sourceTree = BUILT_PRODUCTS_DIR; };
		99A9CD492AF9797200B725A5 /* Fetch_Take_HomeApp.swift */ = {isa = PBXFileReference; lastKnownFileType = sourcecode.swift; path = Fetch_Take_HomeApp.swift; sourceTree = "<group>"; };
		99A9CD4B2AF9797200B725A5 /* RootView.swift */ = {isa = PBXFileReference; lastKnownFileType = sourcecode.swift; path = RootView.swift; sourceTree = "<group>"; };
		99A9CD4D2AF9797300B725A5 /* Assets.xcassets */ = {isa = PBXFileReference; lastKnownFileType = folder.assetcatalog; path = Assets.xcassets; sourceTree = "<group>"; };
		99A9CD502AF9797300B725A5 /* Preview Assets.xcassets */ = {isa = PBXFileReference; lastKnownFileType = folder.assetcatalog; path = "Preview Assets.xcassets"; sourceTree = "<group>"; };
		99A9CD562AF9797300B725A5 /* Desserts Take HomeTests.xctest */ = {isa = PBXFileReference; explicitFileType = wrapper.cfbundle; includeInIndex = 0; path = "Desserts Take HomeTests.xctest"; sourceTree = BUILT_PRODUCTS_DIR; };
		99A9CD5A2AF9797300B725A5 /* MealModelTests.swift */ = {isa = PBXFileReference; lastKnownFileType = sourcecode.swift; path = MealModelTests.swift; sourceTree = "<group>"; };
		99A9CD742AF979B700B725A5 /* MealModel.swift */ = {isa = PBXFileReference; lastKnownFileType = sourcecode.swift; path = MealModel.swift; sourceTree = "<group>"; };
		99A9CD772AF97E4D00B725A5 /* desserts.json */ = {isa = PBXFileReference; fileEncoding = 4; lastKnownFileType = text.json; path = desserts.json; sourceTree = "<group>"; };
		99A9CD792AF9873500B725A5 /* MealDetailModel.swift */ = {isa = PBXFileReference; fileEncoding = 4; lastKnownFileType = sourcecode.swift; path = MealDetailModel.swift; sourceTree = "<group>"; };
		99A9CD7B2AF989B400B725A5 /* creme_brulee.json */ = {isa = PBXFileReference; fileEncoding = 4; lastKnownFileType = text.json; path = creme_brulee.json; sourceTree = "<group>"; };
		99A9CD7D2AF989D000B725A5 /* MealDetailModelTests.swift */ = {isa = PBXFileReference; fileEncoding = 4; lastKnownFileType = sourcecode.swift; path = MealDetailModelTests.swift; sourceTree = "<group>"; };
		99A9CD802AF98E1F00B725A5 /* MealService.swift */ = {isa = PBXFileReference; lastKnownFileType = sourcecode.swift; path = MealService.swift; sourceTree = "<group>"; };
		99A9CD822AF9950200B725A5 /* MealServiceTests.swift */ = {isa = PBXFileReference; fileEncoding = 4; lastKnownFileType = sourcecode.swift; path = MealServiceTests.swift; sourceTree = "<group>"; };
		99A9CD842AF9A0CB00B725A5 /* URLSessionProtocol.swift */ = {isa = PBXFileReference; lastKnownFileType = sourcecode.swift; path = URLSessionProtocol.swift; sourceTree = "<group>"; };
		99A9CD862AF9A14700B725A5 /* MealDetailService.swift */ = {isa = PBXFileReference; fileEncoding = 4; lastKnownFileType = sourcecode.swift; path = MealDetailService.swift; sourceTree = "<group>"; };
		99A9CD882AF9A18300B725A5 /* MealDetailServiceTests.swift */ = {isa = PBXFileReference; fileEncoding = 4; lastKnownFileType = sourcecode.swift; path = MealDetailServiceTests.swift; sourceTree = "<group>"; };
		99A9CD8A2AF9A4FA00B725A5 /* Errors.swift */ = {isa = PBXFileReference; lastKnownFileType = sourcecode.swift; path = Errors.swift; sourceTree = "<group>"; };
		99A9CD8D2AF9CAA500B725A5 /* MealListView.swift */ = {isa = PBXFileReference; lastKnownFileType = sourcecode.swift; path = MealListView.swift; sourceTree = "<group>"; };
		99A9CD8F2AF9CAB700B725A5 /* MealListViewModel.swift */ = {isa = PBXFileReference; lastKnownFileType = sourcecode.swift; path = MealListViewModel.swift; sourceTree = "<group>"; };
/* End PBXFileReference section */

/* Begin PBXFrameworksBuildPhase section */
		99A9CD432AF9797200B725A5 /* Frameworks */ = {
			isa = PBXFrameworksBuildPhase;
			buildActionMask = 2147483647;
			files = (
			);
			runOnlyForDeploymentPostprocessing = 0;
		};
		99A9CD532AF9797300B725A5 /* Frameworks */ = {
			isa = PBXFrameworksBuildPhase;
			buildActionMask = 2147483647;
			files = (
			);
			runOnlyForDeploymentPostprocessing = 0;
		};
/* End PBXFrameworksBuildPhase section */

/* Begin PBXGroup section */
		99A9CD3D2AF9797200B725A5 = {
			isa = PBXGroup;
			children = (
				99A9CD482AF9797200B725A5 /* Desserts Take Home */,
				99A9CD592AF9797300B725A5 /* Desserts Take HomeTests */,
				99A9CD472AF9797200B725A5 /* Products */,
			);
			sourceTree = "<group>";
		};
		99A9CD472AF9797200B725A5 /* Products */ = {
			isa = PBXGroup;
			children = (
				99A9CD462AF9797200B725A5 /* Desserts Take Home.app */,
				99A9CD562AF9797300B725A5 /* Desserts Take HomeTests.xctest */,
			);
			name = Products;
			sourceTree = "<group>";
		};
		99A9CD482AF9797200B725A5 /* Desserts Take Home */ = {
			isa = PBXGroup;
			children = (
				99A9CD732AF9798D00B725A5 /* Models */,
				99A9CD7F2AF98D4B00B725A5 /* Services */,
				99A9CD8C2AF9CA4C00B725A5 /* Views */,
				99A9CD492AF9797200B725A5 /* Fetch_Take_HomeApp.swift */,
				99A9CD4B2AF9797200B725A5 /* RootView.swift */,
				99A9CD4D2AF9797300B725A5 /* Assets.xcassets */,
				99A9CD4F2AF9797300B725A5 /* Preview Content */,
			);
			path = "Desserts Take Home";
			sourceTree = "<group>";
		};
		99A9CD4F2AF9797300B725A5 /* Preview Content */ = {
			isa = PBXGroup;
			children = (
				99A9CD502AF9797300B725A5 /* Preview Assets.xcassets */,
			);
			path = "Preview Content";
			sourceTree = "<group>";
		};
		99A9CD592AF9797300B725A5 /* Desserts Take HomeTests */ = {
			isa = PBXGroup;
			children = (
				99A9CD762AF97E3E00B725A5 /* Fixtures */,
				99A9CD5A2AF9797300B725A5 /* MealModelTests.swift */,
				99A9CD7D2AF989D000B725A5 /* MealDetailModelTests.swift */,
				99A9CD822AF9950200B725A5 /* MealServiceTests.swift */,
				99A9CD882AF9A18300B725A5 /* MealDetailServiceTests.swift */,
			);
			path = "Desserts Take HomeTests";
			sourceTree = "<group>";
		};
		99A9CD732AF9798D00B725A5 /* Models */ = {
			isa = PBXGroup;
			children = (
				99A9CD742AF979B700B725A5 /* MealModel.swift */,
				99A9CD792AF9873500B725A5 /* MealDetailModel.swift */,
			);
			path = Models;
			sourceTree = "<group>";
		};
		99A9CD762AF97E3E00B725A5 /* Fixtures */ = {
			isa = PBXGroup;
			children = (
				99A9CD7B2AF989B400B725A5 /* creme_brulee.json */,
				99A9CD772AF97E4D00B725A5 /* desserts.json */,
			);
			path = Fixtures;
			sourceTree = "<group>";
		};
		99A9CD7F2AF98D4B00B725A5 /* Services */ = {
			isa = PBXGroup;
			children = (
				99A9CD802AF98E1F00B725A5 /* MealService.swift */,
				99A9CD862AF9A14700B725A5 /* MealDetailService.swift */,
				99A9CD842AF9A0CB00B725A5 /* URLSessionProtocol.swift */,
				99A9CD8A2AF9A4FA00B725A5 /* Errors.swift */,
			);
			path = Services;
			sourceTree = "<group>";
		};
		99A9CD8C2AF9CA4C00B725A5 /* Views */ = {
			isa = PBXGroup;
			children = (
				992E1C162AFA86D7009377BB /* MealDetailView.swift */,
				992E1C182AFA9FB6009377BB /* MealDetailViewModel.swift */,
				992E1C142AFA780E009377BB /* MealListItemView.swift */,
				99A9CD8D2AF9CAA500B725A5 /* MealListView.swift */,
				99A9CD8F2AF9CAB700B725A5 /* MealListViewModel.swift */,
			);
			path = Views;
			sourceTree = "<group>";
		};
/* End PBXGroup section */

/* Begin PBXNativeTarget section */
		99A9CD452AF9797200B725A5 /* Desserts Take Home */ = {
			isa = PBXNativeTarget;
			buildConfigurationList = 99A9CD6A2AF9797300B725A5 /* Build configuration list for PBXNativeTarget "Desserts Take Home" */;
			buildPhases = (
				99A9CD422AF9797200B725A5 /* Sources */,
				99A9CD432AF9797200B725A5 /* Frameworks */,
				99A9CD442AF9797200B725A5 /* Resources */,
			);
			buildRules = (
			);
			dependencies = (
			);
			name = "Desserts Take Home";
			productName = "Fetch Take Home";
			productReference = 99A9CD462AF9797200B725A5 /* Desserts Take Home.app */;
			productType = "com.apple.product-type.application";
		};
		99A9CD552AF9797300B725A5 /* Desserts Take HomeTests */ = {
			isa = PBXNativeTarget;
			buildConfigurationList = 99A9CD6D2AF9797300B725A5 /* Build configuration list for PBXNativeTarget "Desserts Take HomeTests" */;
			buildPhases = (
				99A9CD522AF9797300B725A5 /* Sources */,
				99A9CD532AF9797300B725A5 /* Frameworks */,
				99A9CD542AF9797300B725A5 /* Resources */,
			);
			buildRules = (
			);
			dependencies = (
				99A9CD582AF9797300B725A5 /* PBXTargetDependency */,
			);
			name = "Desserts Take HomeTests";
			productName = "Fetch Take HomeTests";
			productReference = 99A9CD562AF9797300B725A5 /* Desserts Take HomeTests.xctest */;
			productType = "com.apple.product-type.bundle.unit-test";
		};
/* End PBXNativeTarget section */

/* Begin PBXProject section */
		99A9CD3E2AF9797200B725A5 /* Project object */ = {
			isa = PBXProject;
			attributes = {
				BuildIndependentTargetsInParallel = 1;
				LastSwiftUpdateCheck = 1500;
				LastUpgradeCheck = 1500;
				TargetAttributes = {
					99A9CD452AF9797200B725A5 = {
						CreatedOnToolsVersion = 15.0.1;
					};
					99A9CD552AF9797300B725A5 = {
						CreatedOnToolsVersion = 15.0.1;
						TestTargetID = 99A9CD452AF9797200B725A5;
					};
				};
			};
			buildConfigurationList = 99A9CD412AF9797200B725A5 /* Build configuration list for PBXProject "Desserts Take Home" */;
			compatibilityVersion = "Xcode 14.0";
			developmentRegion = en;
			hasScannedForEncodings = 0;
			knownRegions = (
				en,
				Base,
			);
			mainGroup = 99A9CD3D2AF9797200B725A5;
			productRefGroup = 99A9CD472AF9797200B725A5 /* Products */;
			projectDirPath = "";
			projectRoot = "";
			targets = (
				99A9CD452AF9797200B725A5 /* Desserts Take Home */,
				99A9CD552AF9797300B725A5 /* Desserts Take HomeTests */,
			);
		};
/* End PBXProject section */

/* Begin PBXResourcesBuildPhase section */
		99A9CD442AF9797200B725A5 /* Resources */ = {
			isa = PBXResourcesBuildPhase;
			buildActionMask = 2147483647;
			files = (
				99A9CD512AF9797300B725A5 /* Preview Assets.xcassets in Resources */,
				99A9CD4E2AF9797300B725A5 /* Assets.xcassets in Resources */,
			);
			runOnlyForDeploymentPostprocessing = 0;
		};
		99A9CD542AF9797300B725A5 /* Resources */ = {
			isa = PBXResourcesBuildPhase;
			buildActionMask = 2147483647;
			files = (
				99A9CD7C2AF989B400B725A5 /* creme_brulee.json in Resources */,
				99A9CD782AF97E4D00B725A5 /* desserts.json in Resources */,
			);
			runOnlyForDeploymentPostprocessing = 0;
		};
/* End PBXResourcesBuildPhase section */

/* Begin PBXSourcesBuildPhase section */
		99A9CD422AF9797200B725A5 /* Sources */ = {
			isa = PBXSourcesBuildPhase;
			buildActionMask = 2147483647;
			files = (
				992E1C172AFA86D7009377BB /* MealDetailView.swift in Sources */,
				99A9CD4C2AF9797200B725A5 /* RootView.swift in Sources */,
				992E1C192AFA9FB6009377BB /* MealDetailViewModel.swift in Sources */,
				99A9CD8E2AF9CAA500B725A5 /* MealListView.swift in Sources */,
				99A9CD852AF9A0CB00B725A5 /* URLSessionProtocol.swift in Sources */,
				99A9CD902AF9CAB700B725A5 /* MealListViewModel.swift in Sources */,
				99A9CD752AF979B700B725A5 /* MealModel.swift in Sources */,
				99A9CD4A2AF9797200B725A5 /* Fetch_Take_HomeApp.swift in Sources */,
				99A9CD8B2AF9A4FB00B725A5 /* Errors.swift in Sources */,
				99A9CD812AF98E1F00B725A5 /* MealService.swift in Sources */,
				99A9CD7A2AF9873500B725A5 /* MealDetailModel.swift in Sources */,
				992E1C152AFA780E009377BB /* MealListItemView.swift in Sources */,
				99A9CD872AF9A14700B725A5 /* MealDetailService.swift in Sources */,
			);
			runOnlyForDeploymentPostprocessing = 0;
		};
		99A9CD522AF9797300B725A5 /* Sources */ = {
			isa = PBXSourcesBuildPhase;
			buildActionMask = 2147483647;
			files = (
				99A9CD5B2AF9797300B725A5 /* MealModelTests.swift in Sources */,
				99A9CD892AF9A18300B725A5 /* MealDetailServiceTests.swift in Sources */,
				99A9CD7E2AF989D000B725A5 /* MealDetailModelTests.swift in Sources */,
				99A9CD832AF9950200B725A5 /* MealServiceTests.swift in Sources */,
			);
			runOnlyForDeploymentPostprocessing = 0;
		};
/* End PBXSourcesBuildPhase section */

/* Begin PBXTargetDependency section */
		99A9CD582AF9797300B725A5 /* PBXTargetDependency */ = {
			isa = PBXTargetDependency;
			target = 99A9CD452AF9797200B725A5 /* Desserts Take Home */;
			targetProxy = 99A9CD572AF9797300B725A5 /* PBXContainerItemProxy */;
		};
/* End PBXTargetDependency section */

/* Begin XCBuildConfiguration section */
		99A9CD682AF9797300B725A5 /* Debug */ = {
			isa = XCBuildConfiguration;
			buildSettings = {
				ALWAYS_SEARCH_USER_PATHS = NO;
				ASSETCATALOG_COMPILER_GENERATE_SWIFT_ASSET_SYMBOL_EXTENSIONS = YES;
				CLANG_ANALYZER_NONNULL = YES;
				CLANG_ANALYZER_NUMBER_OBJECT_CONVERSION = YES_AGGRESSIVE;
				CLANG_CXX_LANGUAGE_STANDARD = "gnu++20";
				CLANG_ENABLE_MODULES = YES;
				CLANG_ENABLE_OBJC_ARC = YES;
				CLANG_ENABLE_OBJC_WEAK = YES;
				CLANG_WARN_BLOCK_CAPTURE_AUTORELEASING = YES;
				CLANG_WARN_BOOL_CONVERSION = YES;
				CLANG_WARN_COMMA = YES;
				CLANG_WARN_CONSTANT_CONVERSION = YES;
				CLANG_WARN_DEPRECATED_OBJC_IMPLEMENTATIONS = YES;
				CLANG_WARN_DIRECT_OBJC_ISA_USAGE = YES_ERROR;
				CLANG_WARN_DOCUMENTATION_COMMENTS = YES;
				CLANG_WARN_EMPTY_BODY = YES;
				CLANG_WARN_ENUM_CONVERSION = YES;
				CLANG_WARN_INFINITE_RECURSION = YES;
				CLANG_WARN_INT_CONVERSION = YES;
				CLANG_WARN_NON_LITERAL_NULL_CONVERSION = YES;
				CLANG_WARN_OBJC_IMPLICIT_RETAIN_SELF = YES;
				CLANG_WARN_OBJC_LITERAL_CONVERSION = YES;
				CLANG_WARN_OBJC_ROOT_CLASS = YES_ERROR;
				CLANG_WARN_QUOTED_INCLUDE_IN_FRAMEWORK_HEADER = YES;
				CLANG_WARN_RANGE_LOOP_ANALYSIS = YES;
				CLANG_WARN_STRICT_PROTOTYPES = YES;
				CLANG_WARN_SUSPICIOUS_MOVE = YES;
				CLANG_WARN_UNGUARDED_AVAILABILITY = YES_AGGRESSIVE;
				CLANG_WARN_UNREACHABLE_CODE = YES;
				CLANG_WARN__DUPLICATE_METHOD_MATCH = YES;
				COPY_PHASE_STRIP = NO;
				DEBUG_INFORMATION_FORMAT = dwarf;
				ENABLE_STRICT_OBJC_MSGSEND = YES;
				ENABLE_TESTABILITY = YES;
				ENABLE_USER_SCRIPT_SANDBOXING = YES;
				GCC_C_LANGUAGE_STANDARD = gnu17;
				GCC_DYNAMIC_NO_PIC = NO;
				GCC_NO_COMMON_BLOCKS = YES;
				GCC_OPTIMIZATION_LEVEL = 0;
				GCC_PREPROCESSOR_DEFINITIONS = (
					"DEBUG=1",
					"$(inherited)",
				);
				GCC_WARN_64_TO_32_BIT_CONVERSION = YES;
				GCC_WARN_ABOUT_RETURN_TYPE = YES_ERROR;
				GCC_WARN_UNDECLARED_SELECTOR = YES;
				GCC_WARN_UNINITIALIZED_AUTOS = YES_AGGRESSIVE;
				GCC_WARN_UNUSED_FUNCTION = YES;
				GCC_WARN_UNUSED_VARIABLE = YES;
				IPHONEOS_DEPLOYMENT_TARGET = 17.0;
				LOCALIZATION_PREFERS_STRING_CATALOGS = YES;
				MTL_ENABLE_DEBUG_INFO = INCLUDE_SOURCE;
				MTL_FAST_MATH = YES;
				ONLY_ACTIVE_ARCH = YES;
				SDKROOT = iphoneos;
				SWIFT_ACTIVE_COMPILATION_CONDITIONS = "DEBUG $(inherited)";
				SWIFT_OPTIMIZATION_LEVEL = "-Onone";
			};
			name = Debug;
		};
		99A9CD692AF9797300B725A5 /* Release */ = {
			isa = XCBuildConfiguration;
			buildSettings = {
				ALWAYS_SEARCH_USER_PATHS = NO;
				ASSETCATALOG_COMPILER_GENERATE_SWIFT_ASSET_SYMBOL_EXTENSIONS = YES;
				CLANG_ANALYZER_NONNULL = YES;
				CLANG_ANALYZER_NUMBER_OBJECT_CONVERSION = YES_AGGRESSIVE;
				CLANG_CXX_LANGUAGE_STANDARD = "gnu++20";
				CLANG_ENABLE_MODULES = YES;
				CLANG_ENABLE_OBJC_ARC = YES;
				CLANG_ENABLE_OBJC_WEAK = YES;
				CLANG_WARN_BLOCK_CAPTURE_AUTORELEASING = YES;
				CLANG_WARN_BOOL_CONVERSION = YES;
				CLANG_WARN_COMMA = YES;
				CLANG_WARN_CONSTANT_CONVERSION = YES;
				CLANG_WARN_DEPRECATED_OBJC_IMPLEMENTATIONS = YES;
				CLANG_WARN_DIRECT_OBJC_ISA_USAGE = YES_ERROR;
				CLANG_WARN_DOCUMENTATION_COMMENTS = YES;
				CLANG_WARN_EMPTY_BODY = YES;
				CLANG_WARN_ENUM_CONVERSION = YES;
				CLANG_WARN_INFINITE_RECURSION = YES;
				CLANG_WARN_INT_CONVERSION = YES;
				CLANG_WARN_NON_LITERAL_NULL_CONVERSION = YES;
				CLANG_WARN_OBJC_IMPLICIT_RETAIN_SELF = YES;
				CLANG_WARN_OBJC_LITERAL_CONVERSION = YES;
				CLANG_WARN_OBJC_ROOT_CLASS = YES_ERROR;
				CLANG_WARN_QUOTED_INCLUDE_IN_FRAMEWORK_HEADER = YES;
				CLANG_WARN_RANGE_LOOP_ANALYSIS = YES;
				CLANG_WARN_STRICT_PROTOTYPES = YES;
				CLANG_WARN_SUSPICIOUS_MOVE = YES;
				CLANG_WARN_UNGUARDED_AVAILABILITY = YES_AGGRESSIVE;
				CLANG_WARN_UNREACHABLE_CODE = YES;
				CLANG_WARN__DUPLICATE_METHOD_MATCH = YES;
				COPY_PHASE_STRIP = NO;
				DEBUG_INFORMATION_FORMAT = "dwarf-with-dsym";
				ENABLE_NS_ASSERTIONS = NO;
				ENABLE_STRICT_OBJC_MSGSEND = YES;
				ENABLE_USER_SCRIPT_SANDBOXING = YES;
				GCC_C_LANGUAGE_STANDARD = gnu17;
				GCC_NO_COMMON_BLOCKS = YES;
				GCC_WARN_64_TO_32_BIT_CONVERSION = YES;
				GCC_WARN_ABOUT_RETURN_TYPE = YES_ERROR;
				GCC_WARN_UNDECLARED_SELECTOR = YES;
				GCC_WARN_UNINITIALIZED_AUTOS = YES_AGGRESSIVE;
				GCC_WARN_UNUSED_FUNCTION = YES;
				GCC_WARN_UNUSED_VARIABLE = YES;
				IPHONEOS_DEPLOYMENT_TARGET = 17.0;
				LOCALIZATION_PREFERS_STRING_CATALOGS = YES;
				MTL_ENABLE_DEBUG_INFO = NO;
				MTL_FAST_MATH = YES;
				SDKROOT = iphoneos;
				SWIFT_COMPILATION_MODE = wholemodule;
				VALIDATE_PRODUCT = YES;
			};
			name = Release;
		};
		99A9CD6B2AF9797300B725A5 /* Debug */ = {
			isa = XCBuildConfiguration;
			buildSettings = {
				ASSETCATALOG_COMPILER_APPICON_NAME = AppIcon;
				ASSETCATALOG_COMPILER_GLOBAL_ACCENT_COLOR_NAME = AccentColor;
				CODE_SIGN_STYLE = Automatic;
				CURRENT_PROJECT_VERSION = 1;
				DEVELOPMENT_ASSET_PATHS = "\"Desserts Take Home/Preview Content\"";
				ENABLE_PREVIEWS = YES;
				GENERATE_INFOPLIST_FILE = YES;
				INFOPLIST_KEY_CFBundleDisplayName = "Take Home";
				INFOPLIST_KEY_UIApplicationSceneManifest_Generation = YES;
				INFOPLIST_KEY_UIApplicationSupportsIndirectInputEvents = YES;
				INFOPLIST_KEY_UILaunchScreen_Generation = YES;
				INFOPLIST_KEY_UISupportedInterfaceOrientations_iPad = "UIInterfaceOrientationPortrait UIInterfaceOrientationPortraitUpsideDown UIInterfaceOrientationLandscapeLeft UIInterfaceOrientationLandscapeRight";
				INFOPLIST_KEY_UISupportedInterfaceOrientations_iPhone = "UIInterfaceOrientationPortrait UIInterfaceOrientationLandscapeLeft UIInterfaceOrientationLandscapeRight";
				LD_RUNPATH_SEARCH_PATHS = (
					"$(inherited)",
					"@executable_path/Frameworks",
				);
				MARKETING_VERSION = 1.0;
				PRODUCT_BUNDLE_IDENTIFIER = "desserts.com.Desserts-Take-Home";
				PRODUCT_NAME = "$(TARGET_NAME)";
				SWIFT_EMIT_LOC_STRINGS = YES;
				SWIFT_VERSION = 5.0;
				TARGETED_DEVICE_FAMILY = "1,2";
			};
			name = Debug;
		};
		99A9CD6C2AF9797300B725A5 /* Release */ = {
			isa = XCBuildConfiguration;
			buildSettings = {
				ASSETCATALOG_COMPILER_APPICON_NAME = AppIcon;
				ASSETCATALOG_COMPILER_GLOBAL_ACCENT_COLOR_NAME = AccentColor;
				CODE_SIGN_STYLE = Automatic;
				CURRENT_PROJECT_VERSION = 1;
				DEVELOPMENT_ASSET_PATHS = "\"Desserts Take Home/Preview Content\"";
				ENABLE_PREVIEWS = YES;
				GENERATE_INFOPLIST_FILE = YES;
				INFOPLIST_KEY_CFBundleDisplayName = "Take Home";
				INFOPLIST_KEY_UIApplicationSceneManifest_Generation = YES;
				INFOPLIST_KEY_UIApplicationSupportsIndirectInputEvents = YES;
				INFOPLIST_KEY_UILaunchScreen_Generation = YES;
				INFOPLIST_KEY_UISupportedInterfaceOrientations_iPad = "UIInterfaceOrientationPortrait UIInterfaceOrientationPortraitUpsideDown UIInterfaceOrientationLandscapeLeft UIInterfaceOrientationLandscapeRight";
				INFOPLIST_KEY_UISupportedInterfaceOrientations_iPhone = "UIInterfaceOrientationPortrait UIInterfaceOrientationLandscapeLeft UIInterfaceOrientationLandscapeRight";
				LD_RUNPATH_SEARCH_PATHS = (
					"$(inherited)",
					"@executable_path/Frameworks",
				);
				MARKETING_VERSION = 1.0;
				PRODUCT_BUNDLE_IDENTIFIER = "desserts.com.Desserts-Take-Home";
				PRODUCT_NAME = "$(TARGET_NAME)";
				SWIFT_EMIT_LOC_STRINGS = YES;
				SWIFT_VERSION = 5.0;
				TARGETED_DEVICE_FAMILY = "1,2";
			};
			name = Release;
		};
		99A9CD6E2AF9797300B725A5 /* Debug */ = {
			isa = XCBuildConfiguration;
			buildSettings = {
				ALWAYS_EMBED_SWIFT_STANDARD_LIBRARIES = YES;
				BUNDLE_LOADER = "$(TEST_HOST)";
				CODE_SIGN_STYLE = Automatic;
				CURRENT_PROJECT_VERSION = 1;
				GENERATE_INFOPLIST_FILE = YES;
				IPHONEOS_DEPLOYMENT_TARGET = 17.0;
				MARKETING_VERSION = 1.0;
				PRODUCT_BUNDLE_IDENTIFIER = "desserts.com.Desserts-Take-HomeTests";
				PRODUCT_NAME = "$(TARGET_NAME)";
				SWIFT_EMIT_LOC_STRINGS = NO;
				SWIFT_VERSION = 5.0;
				TARGETED_DEVICE_FAMILY = "1,2";
				TEST_HOST = "$(BUILT_PRODUCTS_DIR)/Desserts Take Home.app/$(BUNDLE_EXECUTABLE_FOLDER_PATH)/Desserts Take Home";
			};
			name = Debug;
		};
		99A9CD6F2AF9797300B725A5 /* Release */ = {
			isa = XCBuildConfiguration;
			buildSettings = {
				ALWAYS_EMBED_SWIFT_STANDARD_LIBRARIES = YES;
				BUNDLE_LOADER = "$(TEST_HOST)";
				CODE_SIGN_STYLE = Automatic;
				CURRENT_PROJECT_VERSION = 1;
				GENERATE_INFOPLIST_FILE = YES;
				IPHONEOS_DEPLOYMENT_TARGET = 17.0;
				MARKETING_VERSION = 1.0;
				PRODUCT_BUNDLE_IDENTIFIER = "desserts.com.Desserts-Take-HomeTests";
				PRODUCT_NAME = "$(TARGET_NAME)";
				SWIFT_EMIT_LOC_STRINGS = NO;
				SWIFT_VERSION = 5.0;
				TARGETED_DEVICE_FAMILY = "1,2";
				TEST_HOST = "$(BUILT_PRODUCTS_DIR)/Desserts Take Home.app/$(BUNDLE_EXECUTABLE_FOLDER_PATH)/Desserts Take Home";
			};
			name = Release;
		};
/* End XCBuildConfiguration section */

/* Begin XCConfigurationList section */
		99A9CD412AF9797200B725A5 /* Build configuration list for PBXProject "Desserts Take Home" */ = {
			isa = XCConfigurationList;
			buildConfigurations = (
				99A9CD682AF9797300B725A5 /* Debug */,
				99A9CD692AF9797300B725A5 /* Release */,
			);
			defaultConfigurationIsVisible = 0;
			defaultConfigurationName = Release;
		};
		99A9CD6A2AF9797300B725A5 /* Build configuration list for PBXNativeTarget "Desserts Take Home" */ = {
			isa = XCConfigurationList;
			buildConfigurations = (
				99A9CD6B2AF9797300B725A5 /* Debug */,
				99A9CD6C2AF9797300B725A5 /* Release */,
			);
			defaultConfigurationIsVisible = 0;
			defaultConfigurationName = Release;
		};
		99A9CD6D2AF9797300B725A5 /* Build configuration list for PBXNativeTarget "Desserts Take HomeTests" */ = {
			isa = XCConfigurationList;
			buildConfigurations = (
				99A9CD6E2AF9797300B725A5 /* Debug */,
				99A9CD6F2AF9797300B725A5 /* Release */,
			);
			defaultConfigurationIsVisible = 0;
			defaultConfigurationName = Release;
		};
/* End XCConfigurationList section */
	};
	rootObject = 99A9CD3E2AF9797200B725A5 /* Project object */;
}
